// !$*UTF8*$!
{
	archiveVersion = 1;
	classes = {
	};
	objectVersion = 46;
	objects = {

/* Begin PBXBuildFile section */
		150FD2A01C0A59D100E2EBE5 /* shoppingListTVC.swift in Sources */ = {isa = PBXBuildFile; fileRef = 150FD29F1C0A59D100E2EBE5 /* shoppingListTVC.swift */; };
		153097761BF68A9B0076ACA7 /* ResearchTVC.swift in Sources */ = {isa = PBXBuildFile; fileRef = 153097751BF68A9B0076ACA7 /* ResearchTVC.swift */; };
		153097771BF68A9B0076ACA7 /* ResearchTVC.swift in Sources */ = {isa = PBXBuildFile; fileRef = 153097751BF68A9B0076ACA7 /* ResearchTVC.swift */; };
		15646B391BF2564100D2EFB4 /* AppDelegate.swift in Sources */ = {isa = PBXBuildFile; fileRef = 15646B381BF2564100D2EFB4 /* AppDelegate.swift */; };
		15646B3E1BF2564100D2EFB4 /* Main.storyboard in Resources */ = {isa = PBXBuildFile; fileRef = 15646B3C1BF2564100D2EFB4 /* Main.storyboard */; };
		15646B401BF2564100D2EFB4 /* Assets.xcassets in Resources */ = {isa = PBXBuildFile; fileRef = 15646B3F1BF2564100D2EFB4 /* Assets.xcassets */; };
		15646B431BF2564100D2EFB4 /* LaunchScreen.storyboard in Resources */ = {isa = PBXBuildFile; fileRef = 15646B411BF2564100D2EFB4 /* LaunchScreen.storyboard */; };
		15646B4E1BF2564100D2EFB4 /* floodPrototypeTests.swift in Sources */ = {isa = PBXBuildFile; fileRef = 15646B4D1BF2564100D2EFB4 /* floodPrototypeTests.swift */; };
		15646B591BF2564100D2EFB4 /* floodPrototypeUITests.swift in Sources */ = {isa = PBXBuildFile; fileRef = 15646B581BF2564100D2EFB4 /* floodPrototypeUITests.swift */; };
		1571AC9D1BF25B1000C35B5B /* MenuTVC.swift in Sources */ = {isa = PBXBuildFile; fileRef = 1571AC9C1BF25B1000C35B5B /* MenuTVC.swift */; };
		1571AC9E1BF25B1000C35B5B /* MenuTVC.swift in Sources */ = {isa = PBXBuildFile; fileRef = 1571AC9C1BF25B1000C35B5B /* MenuTVC.swift */; };
		1571AC9F1BF25B1000C35B5B /* MenuTVC.swift in Sources */ = {isa = PBXBuildFile; fileRef = 1571AC9C1BF25B1000C35B5B /* MenuTVC.swift */; };
		1571B4A71BFEDD7200A809CA /* ResearchDetailTVC.swift in Sources */ = {isa = PBXBuildFile; fileRef = 1571B4A61BFEDD7200A809CA /* ResearchDetailTVC.swift */; };
		1571B4A81BFEDD7200A809CA /* ResearchDetailTVC.swift in Sources */ = {isa = PBXBuildFile; fileRef = 1571B4A61BFEDD7200A809CA /* ResearchDetailTVC.swift */; };
		15A6CCAC1BFBC06000372BCC /* METADATA.json in Resources */ = {isa = PBXBuildFile; fileRef = 15A6CCA61BFBC06000372BCC /* METADATA.json */; };
		15A6CCAD1BFBC06000372BCC /* Montserrat-Black.ttf in Resources */ = {isa = PBXBuildFile; fileRef = 15A6CCA71BFBC06000372BCC /* Montserrat-Black.ttf */; };
		15A6CCAE1BFBC06000372BCC /* Montserrat-Bold.ttf in Resources */ = {isa = PBXBuildFile; fileRef = 15A6CCA81BFBC06000372BCC /* Montserrat-Bold.ttf */; };
		15A6CCAF1BFBC06000372BCC /* Montserrat-Light.ttf in Resources */ = {isa = PBXBuildFile; fileRef = 15A6CCA91BFBC06000372BCC /* Montserrat-Light.ttf */; };
		15A6CCB01BFBC06000372BCC /* Montserrat-Regular.ttf in Resources */ = {isa = PBXBuildFile; fileRef = 15A6CCAA1BFBC06000372BCC /* Montserrat-Regular.ttf */; };
		15A6CCB11BFBC06000372BCC /* Montserrat-Thin.ttf in Resources */ = {isa = PBXBuildFile; fileRef = 15A6CCAB1BFBC06000372BCC /* Montserrat-Thin.ttf */; };
		15B991CA1BFA9FCE008C6ECF /* foodData.json in Resources */ = {isa = PBXBuildFile; fileRef = 15B991C91BFA9FCE008C6ECF /* foodData.json */; };
		15B991CC1BFAF84C008C6ECF /* TabBarController.swift in Sources */ = {isa = PBXBuildFile; fileRef = 15B991CB1BFAF84C008C6ECF /* TabBarController.swift */; };
		15B991CD1BFAF892008C6ECF /* TabBarController.swift in Sources */ = {isa = PBXBuildFile; fileRef = 15B991CB1BFAF84C008C6ECF /* TabBarController.swift */; };
		15B991CE1BFAF893008C6ECF /* TabBarController.swift in Sources */ = {isa = PBXBuildFile; fileRef = 15B991CB1BFAF84C008C6ECF /* TabBarController.swift */; };
		15B991D01BFB0AD7008C6ECF /* researchTVCell.swift in Sources */ = {isa = PBXBuildFile; fileRef = 15B991CF1BFB0AD7008C6ECF /* researchTVCell.swift */; };
		15B991D11BFB0ADB008C6ECF /* researchTVCell.swift in Sources */ = {isa = PBXBuildFile; fileRef = 15B991CF1BFB0AD7008C6ECF /* researchTVCell.swift */; };
		15B991D21BFB0ADB008C6ECF /* researchTVCell.swift in Sources */ = {isa = PBXBuildFile; fileRef = 15B991CF1BFB0AD7008C6ECF /* researchTVCell.swift */; };
/* End PBXBuildFile section */

/* Begin PBXContainerItemProxy section */
		15646B4A1BF2564100D2EFB4 /* PBXContainerItemProxy */ = {
			isa = PBXContainerItemProxy;
			containerPortal = 15646B2D1BF2564000D2EFB4 /* Project object */;
			proxyType = 1;
			remoteGlobalIDString = 15646B341BF2564100D2EFB4;
			remoteInfo = floodPrototype;
		};
		15646B551BF2564100D2EFB4 /* PBXContainerItemProxy */ = {
			isa = PBXContainerItemProxy;
			containerPortal = 15646B2D1BF2564000D2EFB4 /* Project object */;
			proxyType = 1;
			remoteGlobalIDString = 15646B341BF2564100D2EFB4;
			remoteInfo = floodPrototype;
		};
/* End PBXContainerItemProxy section */

/* Begin PBXFileReference section */
		150FD29F1C0A59D100E2EBE5 /* shoppingListTVC.swift */ = {isa = PBXFileReference; fileEncoding = 4; lastKnownFileType = sourcecode.swift; path = shoppingListTVC.swift; sourceTree = "<group>"; };
		153097751BF68A9B0076ACA7 /* ResearchTVC.swift */ = {isa = PBXFileReference; fileEncoding = 4; lastKnownFileType = sourcecode.swift; path = ResearchTVC.swift; sourceTree = "<group>"; };
		15646B351BF2564100D2EFB4 /* floodPrototype.app */ = {isa = PBXFileReference; explicitFileType = wrapper.application; includeInIndex = 0; path = floodPrototype.app; sourceTree = BUILT_PRODUCTS_DIR; };
		15646B381BF2564100D2EFB4 /* AppDelegate.swift */ = {isa = PBXFileReference; lastKnownFileType = sourcecode.swift; path = AppDelegate.swift; sourceTree = "<group>"; };
		15646B3D1BF2564100D2EFB4 /* Base */ = {isa = PBXFileReference; lastKnownFileType = file.storyboard; name = Base; path = Base.lproj/Main.storyboard; sourceTree = "<group>"; };
		15646B3F1BF2564100D2EFB4 /* Assets.xcassets */ = {isa = PBXFileReference; lastKnownFileType = folder.assetcatalog; name = Assets.xcassets; path = floodPrototype/Assets.xcassets; sourceTree = "<group>"; };
		15646B421BF2564100D2EFB4 /* Base */ = {isa = PBXFileReference; lastKnownFileType = file.storyboard; name = Base; path = Base.lproj/LaunchScreen.storyboard; sourceTree = "<group>"; };
		15646B441BF2564100D2EFB4 /* Info.plist */ = {isa = PBXFileReference; lastKnownFileType = text.plist.xml; path = Info.plist; sourceTree = "<group>"; };
		15646B491BF2564100D2EFB4 /* floodPrototypeTests.xctest */ = {isa = PBXFileReference; explicitFileType = wrapper.cfbundle; includeInIndex = 0; path = floodPrototypeTests.xctest; sourceTree = BUILT_PRODUCTS_DIR; };
		15646B4D1BF2564100D2EFB4 /* floodPrototypeTests.swift */ = {isa = PBXFileReference; lastKnownFileType = sourcecode.swift; path = floodPrototypeTests.swift; sourceTree = "<group>"; };
		15646B4F1BF2564100D2EFB4 /* Info.plist */ = {isa = PBXFileReference; lastKnownFileType = text.plist.xml; path = Info.plist; sourceTree = "<group>"; };
		15646B541BF2564100D2EFB4 /* floodPrototypeUITests.xctest */ = {isa = PBXFileReference; explicitFileType = wrapper.cfbundle; includeInIndex = 0; path = floodPrototypeUITests.xctest; sourceTree = BUILT_PRODUCTS_DIR; };
		15646B581BF2564100D2EFB4 /* floodPrototypeUITests.swift */ = {isa = PBXFileReference; lastKnownFileType = sourcecode.swift; path = floodPrototypeUITests.swift; sourceTree = "<group>"; };
		15646B5A1BF2564100D2EFB4 /* Info.plist */ = {isa = PBXFileReference; lastKnownFileType = text.plist.xml; path = Info.plist; sourceTree = "<group>"; };
		1571AC9C1BF25B1000C35B5B /* MenuTVC.swift */ = {isa = PBXFileReference; fileEncoding = 4; lastKnownFileType = sourcecode.swift; name = MenuTVC.swift; path = ../MenuTVC.swift; sourceTree = "<group>"; };
		1571B4A61BFEDD7200A809CA /* ResearchDetailTVC.swift */ = {isa = PBXFileReference; fileEncoding = 4; lastKnownFileType = sourcecode.swift; name = ResearchDetailTVC.swift; path = ../ResearchDetailTVC.swift; sourceTree = "<group>"; };
		15A6CCA61BFBC06000372BCC /* METADATA.json */ = {isa = PBXFileReference; fileEncoding = 4; lastKnownFileType = text.json; path = METADATA.json; sourceTree = "<group>"; };
		15A6CCA71BFBC06000372BCC /* Montserrat-Black.ttf */ = {isa = PBXFileReference; lastKnownFileType = file; path = "Montserrat-Black.ttf"; sourceTree = "<group>"; };
		15A6CCA81BFBC06000372BCC /* Montserrat-Bold.ttf */ = {isa = PBXFileReference; lastKnownFileType = file; path = "Montserrat-Bold.ttf"; sourceTree = "<group>"; };
		15A6CCA91BFBC06000372BCC /* Montserrat-Light.ttf */ = {isa = PBXFileReference; lastKnownFileType = file; path = "Montserrat-Light.ttf"; sourceTree = "<group>"; };
		15A6CCAA1BFBC06000372BCC /* Montserrat-Regular.ttf */ = {isa = PBXFileReference; lastKnownFileType = file; path = "Montserrat-Regular.ttf"; sourceTree = "<group>"; };
		15A6CCAB1BFBC06000372BCC /* Montserrat-Thin.ttf */ = {isa = PBXFileReference; lastKnownFileType = file; path = "Montserrat-Thin.ttf"; sourceTree = "<group>"; };
		15B991C91BFA9FCE008C6ECF /* foodData.json */ = {isa = PBXFileReference; fileEncoding = 4; lastKnownFileType = text.json; name = foodData.json; path = floodPrototype/foodData.json; sourceTree = "<group>"; };
		15B991CB1BFAF84C008C6ECF /* TabBarController.swift */ = {isa = PBXFileReference; fileEncoding = 4; lastKnownFileType = sourcecode.swift; path = TabBarController.swift; sourceTree = "<group>"; };
		15B991CF1BFB0AD7008C6ECF /* researchTVCell.swift */ = {isa = PBXFileReference; fileEncoding = 4; lastKnownFileType = sourcecode.swift; path = researchTVCell.swift; sourceTree = "<group>"; };
/* End PBXFileReference section */

/* Begin PBXFrameworksBuildPhase section */
		15646B321BF2564100D2EFB4 /* Frameworks */ = {
			isa = PBXFrameworksBuildPhase;
			buildActionMask = 2147483647;
			files = (
			);
			runOnlyForDeploymentPostprocessing = 0;
		};
		15646B461BF2564100D2EFB4 /* Frameworks */ = {
			isa = PBXFrameworksBuildPhase;
			buildActionMask = 2147483647;
			files = (
			);
			runOnlyForDeploymentPostprocessing = 0;
		};
		15646B511BF2564100D2EFB4 /* Frameworks */ = {
			isa = PBXFrameworksBuildPhase;
			buildActionMask = 2147483647;
			files = (
			);
			runOnlyForDeploymentPostprocessing = 0;
		};
/* End PBXFrameworksBuildPhase section */

/* Begin PBXGroup section */
		15646B2C1BF2564000D2EFB4 = {
			isa = PBXGroup;
			children = (
				15A6CCA51BFBC01100372BCC /* Resources */,
				15646B371BF2564100D2EFB4 /* floodPrototype */,
				15646B4C1BF2564100D2EFB4 /* floodPrototypeTests */,
				15646B571BF2564100D2EFB4 /* floodPrototypeUITests */,
				15646B361BF2564100D2EFB4 /* Products */,
			);
			sourceTree = "<group>";
		};
		15646B361BF2564100D2EFB4 /* Products */ = {
			isa = PBXGroup;
			children = (
				15646B351BF2564100D2EFB4 /* floodPrototype.app */,
				15646B491BF2564100D2EFB4 /* floodPrototypeTests.xctest */,
				15646B541BF2564100D2EFB4 /* floodPrototypeUITests.xctest */,
			);
			name = Products;
			sourceTree = "<group>";
		};
		15646B371BF2564100D2EFB4 /* floodPrototype */ = {
			isa = PBXGroup;
			children = (
				1571B4A61BFEDD7200A809CA /* ResearchDetailTVC.swift */,
				15646B381BF2564100D2EFB4 /* AppDelegate.swift */,
				153097751BF68A9B0076ACA7 /* ResearchTVC.swift */,
				1571AC9C1BF25B1000C35B5B /* MenuTVC.swift */,
				15646B3C1BF2564100D2EFB4 /* Main.storyboard */,
				150FD29F1C0A59D100E2EBE5 /* shoppingListTVC.swift */,
				15B991CF1BFB0AD7008C6ECF /* researchTVCell.swift */,
				15B991CB1BFAF84C008C6ECF /* TabBarController.swift */,
				15646B411BF2564100D2EFB4 /* LaunchScreen.storyboard */,
				15646B441BF2564100D2EFB4 /* Info.plist */,
			);
			path = floodPrototype;
			sourceTree = "<group>";
		};
		15646B4C1BF2564100D2EFB4 /* floodPrototypeTests */ = {
			isa = PBXGroup;
			children = (
				15646B4D1BF2564100D2EFB4 /* floodPrototypeTests.swift */,
				15646B4F1BF2564100D2EFB4 /* Info.plist */,
			);
			path = floodPrototypeTests;
			sourceTree = "<group>";
		};
		15646B571BF2564100D2EFB4 /* floodPrototypeUITests */ = {
			isa = PBXGroup;
			children = (
				15646B581BF2564100D2EFB4 /* floodPrototypeUITests.swift */,
				15646B5A1BF2564100D2EFB4 /* Info.plist */,
			);
			path = floodPrototypeUITests;
			sourceTree = "<group>";
		};
		15A6CCA51BFBC01100372BCC /* Resources */ = {
			isa = PBXGroup;
			children = (
				15646B3F1BF2564100D2EFB4 /* Assets.xcassets */,
				15B991C91BFA9FCE008C6ECF /* foodData.json */,
				15A6CCA61BFBC06000372BCC /* METADATA.json */,
				15A6CCA71BFBC06000372BCC /* Montserrat-Black.ttf */,
				15A6CCA81BFBC06000372BCC /* Montserrat-Bold.ttf */,
				15A6CCA91BFBC06000372BCC /* Montserrat-Light.ttf */,
				15A6CCAA1BFBC06000372BCC /* Montserrat-Regular.ttf */,
				15A6CCAB1BFBC06000372BCC /* Montserrat-Thin.ttf */,
			);
			name = Resources;
			sourceTree = "<group>";
		};
/* End PBXGroup section */

/* Begin PBXNativeTarget section */
		15646B341BF2564100D2EFB4 /* floodPrototype */ = {
			isa = PBXNativeTarget;
			buildConfigurationList = 15646B5D1BF2564100D2EFB4 /* Build configuration list for PBXNativeTarget "floodPrototype" */;
			buildPhases = (
				15646B311BF2564100D2EFB4 /* Sources */,
				15646B321BF2564100D2EFB4 /* Frameworks */,
				15646B331BF2564100D2EFB4 /* Resources */,
			);
			buildRules = (
			);
			dependencies = (
			);
			name = floodPrototype;
			productName = floodPrototype;
			productReference = 15646B351BF2564100D2EFB4 /* floodPrototype.app */;
			productType = "com.apple.product-type.application";
		};
		15646B481BF2564100D2EFB4 /* floodPrototypeTests */ = {
			isa = PBXNativeTarget;
			buildConfigurationList = 15646B601BF2564100D2EFB4 /* Build configuration list for PBXNativeTarget "floodPrototypeTests" */;
			buildPhases = (
				15646B451BF2564100D2EFB4 /* Sources */,
				15646B461BF2564100D2EFB4 /* Frameworks */,
				15646B471BF2564100D2EFB4 /* Resources */,
			);
			buildRules = (
			);
			dependencies = (
				15646B4B1BF2564100D2EFB4 /* PBXTargetDependency */,
			);
			name = floodPrototypeTests;
			productName = floodPrototypeTests;
			productReference = 15646B491BF2564100D2EFB4 /* floodPrototypeTests.xctest */;
			productType = "com.apple.product-type.bundle.unit-test";
		};
		15646B531BF2564100D2EFB4 /* floodPrototypeUITests */ = {
			isa = PBXNativeTarget;
			buildConfigurationList = 15646B631BF2564100D2EFB4 /* Build configuration list for PBXNativeTarget "floodPrototypeUITests" */;
			buildPhases = (
				15646B501BF2564100D2EFB4 /* Sources */,
				15646B511BF2564100D2EFB4 /* Frameworks */,
				15646B521BF2564100D2EFB4 /* Resources */,
			);
			buildRules = (
			);
			dependencies = (
				15646B561BF2564100D2EFB4 /* PBXTargetDependency */,
			);
			name = floodPrototypeUITests;
			productName = floodPrototypeUITests;
			productReference = 15646B541BF2564100D2EFB4 /* floodPrototypeUITests.xctest */;
			productType = "com.apple.product-type.bundle.ui-testing";
		};
/* End PBXNativeTarget section */

/* Begin PBXProject section */
		15646B2D1BF2564000D2EFB4 /* Project object */ = {
			isa = PBXProject;
			attributes = {
				LastSwiftUpdateCheck = 0710;
				LastUpgradeCheck = 0710;
				ORGANIZATIONNAME = "Mark Xue";
				TargetAttributes = {
					15646B341BF2564100D2EFB4 = {
						CreatedOnToolsVersion = 7.1;
					};
					15646B481BF2564100D2EFB4 = {
						CreatedOnToolsVersion = 7.1;
						TestTargetID = 15646B341BF2564100D2EFB4;
					};
					15646B531BF2564100D2EFB4 = {
						CreatedOnToolsVersion = 7.1;
						TestTargetID = 15646B341BF2564100D2EFB4;
					};
				};
			};
			buildConfigurationList = 15646B301BF2564000D2EFB4 /* Build configuration list for PBXProject "floodPrototype" */;
			compatibilityVersion = "Xcode 3.2";
			developmentRegion = English;
			hasScannedForEncodings = 0;
			knownRegions = (
				en,
				Base,
			);
			mainGroup = 15646B2C1BF2564000D2EFB4;
			productRefGroup = 15646B361BF2564100D2EFB4 /* Products */;
			projectDirPath = "";
			projectRoot = "";
			targets = (
				15646B341BF2564100D2EFB4 /* floodPrototype */,
				15646B481BF2564100D2EFB4 /* floodPrototypeTests */,
				15646B531BF2564100D2EFB4 /* floodPrototypeUITests */,
			);
		};
/* End PBXProject section */

/* Begin PBXResourcesBuildPhase section */
		15646B331BF2564100D2EFB4 /* Resources */ = {
			isa = PBXResourcesBuildPhase;
			buildActionMask = 2147483647;
			files = (
				15A6CCB11BFBC06000372BCC /* Montserrat-Thin.ttf in Resources */,
				15A6CCB01BFBC06000372BCC /* Montserrat-Regular.ttf in Resources */,
				15646B431BF2564100D2EFB4 /* LaunchScreen.storyboard in Resources */,
				15B991CA1BFA9FCE008C6ECF /* foodData.json in Resources */,
				15646B401BF2564100D2EFB4 /* Assets.xcassets in Resources */,
				15A6CCAC1BFBC06000372BCC /* METADATA.json in Resources */,
				15A6CCAF1BFBC06000372BCC /* Montserrat-Light.ttf in Resources */,
				15646B3E1BF2564100D2EFB4 /* Main.storyboard in Resources */,
				15A6CCAD1BFBC06000372BCC /* Montserrat-Black.ttf in Resources */,
				15A6CCAE1BFBC06000372BCC /* Montserrat-Bold.ttf in Resources */,
			);
			runOnlyForDeploymentPostprocessing = 0;
		};
		15646B471BF2564100D2EFB4 /* Resources */ = {
			isa = PBXResourcesBuildPhase;
			buildActionMask = 2147483647;
			files = (
			);
			runOnlyForDeploymentPostprocessing = 0;
		};
		15646B521BF2564100D2EFB4 /* Resources */ = {
			isa = PBXResourcesBuildPhase;
			buildActionMask = 2147483647;
			files = (
			);
			runOnlyForDeploymentPostprocessing = 0;
		};
/* End PBXResourcesBuildPhase section */

/* Begin PBXSourcesBuildPhase section */
		15646B311BF2564100D2EFB4 /* Sources */ = {
			isa = PBXSourcesBuildPhase;
			buildActionMask = 2147483647;
			files = (
				15B991D01BFB0AD7008C6ECF /* researchTVCell.swift in Sources */,
				1571AC9D1BF25B1000C35B5B /* MenuTVC.swift in Sources */,
				15B991CC1BFAF84C008C6ECF /* TabBarController.swift in Sources */,
				1571B4A71BFEDD7200A809CA /* ResearchDetailTVC.swift in Sources */,
				153097761BF68A9B0076ACA7 /* ResearchTVC.swift in Sources */,
				15646B391BF2564100D2EFB4 /* AppDelegate.swift in Sources */,
				150FD2A01C0A59D100E2EBE5 /* shoppingListTVC.swift in Sources */,
			);
			runOnlyForDeploymentPostprocessing = 0;
		};
		15646B451BF2564100D2EFB4 /* Sources */ = {
			isa = PBXSourcesBuildPhase;
			buildActionMask = 2147483647;
			files = (
				15B991CE1BFAF893008C6ECF /* TabBarController.swift in Sources */,
				1571AC9E1BF25B1000C35B5B /* MenuTVC.swift in Sources */,
				15B991D21BFB0ADB008C6ECF /* researchTVCell.swift in Sources */,
				15646B4E1BF2564100D2EFB4 /* floodPrototypeTests.swift in Sources */,
			);
			runOnlyForDeploymentPostprocessing = 0;
		};
		15646B501BF2564100D2EFB4 /* Sources */ = {
			isa = PBXSourcesBuildPhase;
			buildActionMask = 2147483647;
			files = (
				15B991D11BFB0ADB008C6ECF /* researchTVCell.swift in Sources */,
				1571AC9F1BF25B1000C35B5B /* MenuTVC.swift in Sources */,
				15B991CD1BFAF892008C6ECF /* TabBarController.swift in Sources */,
				1571B4A81BFEDD7200A809CA /* ResearchDetailTVC.swift in Sources */,
				153097771BF68A9B0076ACA7 /* ResearchTVC.swift in Sources */,
				15646B591BF2564100D2EFB4 /* floodPrototypeUITests.swift in Sources */,
			);
			runOnlyForDeploymentPostprocessing = 0;
		};
/* End PBXSourcesBuildPhase section */

/* Begin PBXTargetDependency section */
		15646B4B1BF2564100D2EFB4 /* PBXTargetDependency */ = {
			isa = PBXTargetDependency;
			target = 15646B341BF2564100D2EFB4 /* floodPrototype */;
			targetProxy = 15646B4A1BF2564100D2EFB4 /* PBXContainerItemProxy */;
		};
		15646B561BF2564100D2EFB4 /* PBXTargetDependency */ = {
			isa = PBXTargetDependency;
			target = 15646B341BF2564100D2EFB4 /* floodPrototype */;
			targetProxy = 15646B551BF2564100D2EFB4 /* PBXContainerItemProxy */;
		};
/* End PBXTargetDependency section */

/* Begin PBXVariantGroup section */
		15646B3C1BF2564100D2EFB4 /* Main.storyboard */ = {
			isa = PBXVariantGroup;
			children = (
				15646B3D1BF2564100D2EFB4 /* Base */,
			);
			name = Main.storyboard;
			sourceTree = "<group>";
		};
		15646B411BF2564100D2EFB4 /* LaunchScreen.storyboard */ = {
			isa = PBXVariantGroup;
			children = (
				15646B421BF2564100D2EFB4 /* Base */,
			);
			name = LaunchScreen.storyboard;
			sourceTree = "<group>";
		};
/* End PBXVariantGroup section */

/* Begin XCBuildConfiguration section */
		15646B5B1BF2564100D2EFB4 /* Debug */ = {
			isa = XCBuildConfiguration;
			buildSettings = {
				ALWAYS_SEARCH_USER_PATHS = NO;
				CLANG_CXX_LANGUAGE_STANDARD = "gnu++0x";
				CLANG_CXX_LIBRARY = "libc++";
				CLANG_ENABLE_MODULES = YES;
				CLANG_ENABLE_OBJC_ARC = YES;
				CLANG_WARN_BOOL_CONVERSION = YES;
				CLANG_WARN_CONSTANT_CONVERSION = YES;
				CLANG_WARN_DIRECT_OBJC_ISA_USAGE = YES_ERROR;
				CLANG_WARN_EMPTY_BODY = YES;
				CLANG_WARN_ENUM_CONVERSION = YES;
				CLANG_WARN_INT_CONVERSION = YES;
				CLANG_WARN_OBJC_ROOT_CLASS = YES_ERROR;
				CLANG_WARN_UNREACHABLE_CODE = YES;
				CLANG_WARN__DUPLICATE_METHOD_MATCH = YES;
				"CODE_SIGN_IDENTITY[sdk=iphoneos*]" = "iPhone Developer";
				COPY_PHASE_STRIP = NO;
				DEBUG_INFORMATION_FORMAT = dwarf;
				ENABLE_STRICT_OBJC_MSGSEND = YES;
				ENABLE_TESTABILITY = YES;
				GCC_C_LANGUAGE_STANDARD = gnu99;
				GCC_DYNAMIC_NO_PIC = NO;
				GCC_NO_COMMON_BLOCKS = YES;
				GCC_OPTIMIZATION_LEVEL = 0;
				GCC_PREPROCESSOR_DEFINITIONS = (
					"DEBUG=1",
					"$(inherited)",
				);
				GCC_WARN_64_TO_32_BIT_CONVERSION = YES;
				GCC_WARN_ABOUT_RETURN_TYPE = YES_ERROR;
				GCC_WARN_UNDECLARED_SELECTOR = YES;
				GCC_WARN_UNINITIALIZED_AUTOS = YES_AGGRESSIVE;
				GCC_WARN_UNUSED_FUNCTION = YES;
				GCC_WARN_UNUSED_VARIABLE = YES;
				IPHONEOS_DEPLOYMENT_TARGET = 9.1;
				MTL_ENABLE_DEBUG_INFO = YES;
				ONLY_ACTIVE_ARCH = YES;
				SDKROOT = iphoneos;
				SWIFT_OPTIMIZATION_LEVEL = "-Onone";
				TARGETED_DEVICE_FAMILY = "1,2";
			};
			name = Debug;
		};
		15646B5C1BF2564100D2EFB4 /* Release */ = {
			isa = XCBuildConfiguration;
			buildSettings = {
				ALWAYS_SEARCH_USER_PATHS = NO;
				CLANG_CXX_LANGUAGE_STANDARD = "gnu++0x";
				CLANG_CXX_LIBRARY = "libc++";
				CLANG_ENABLE_MODULES = YES;
				CLANG_ENABLE_OBJC_ARC = YES;
				CLANG_WARN_BOOL_CONVERSION = YES;
				CLANG_WARN_CONSTANT_CONVERSION = YES;
				CLANG_WARN_DIRECT_OBJC_ISA_USAGE = YES_ERROR;
				CLANG_WARN_EMPTY_BODY = YES;
				CLANG_WARN_ENUM_CONVERSION = YES;
				CLANG_WARN_INT_CONVERSION = YES;
				CLANG_WARN_OBJC_ROOT_CLASS = YES_ERROR;
				CLANG_WARN_UNREACHABLE_CODE = YES;
				CLANG_WARN__DUPLICATE_METHOD_MATCH = YES;
				"CODE_SIGN_IDENTITY[sdk=iphoneos*]" = "iPhone Developer";
				COPY_PHASE_STRIP = NO;
				DEBUG_INFORMATION_FORMAT = "dwarf-with-dsym";
				ENABLE_NS_ASSERTIONS = NO;
				ENABLE_STRICT_OBJC_MSGSEND = YES;
				GCC_C_LANGUAGE_STANDARD = gnu99;
				GCC_NO_COMMON_BLOCKS = YES;
				GCC_WARN_64_TO_32_BIT_CONVERSION = YES;
				GCC_WARN_ABOUT_RETURN_TYPE = YES_ERROR;
				GCC_WARN_UNDECLARED_SELECTOR = YES;
				GCC_WARN_UNINITIALIZED_AUTOS = YES_AGGRESSIVE;
				GCC_WARN_UNUSED_FUNCTION = YES;
				GCC_WARN_UNUSED_VARIABLE = YES;
				IPHONEOS_DEPLOYMENT_TARGET = 9.1;
				MTL_ENABLE_DEBUG_INFO = NO;
				SDKROOT = iphoneos;
				TARGETED_DEVICE_FAMILY = "1,2";
				VALIDATE_PRODUCT = YES;
			};
			name = Release;
		};
		15646B5E1BF2564100D2EFB4 /* Debug */ = {
			isa = XCBuildConfiguration;
			buildSettings = {
				ASSETCATALOG_COMPILER_APPICON_NAME = AppIcon;
				INFOPLIST_FILE = floodPrototype/Info.plist;
				LD_RUNPATH_SEARCH_PATHS = "$(inherited) @executable_path/Frameworks";
				PRODUCT_BUNDLE_IDENTIFIER = org.mxue.flood;
				PRODUCT_NAME = "$(TARGET_NAME)";
			};
			name = Debug;
		};
		15646B5F1BF2564100D2EFB4 /* Release */ = {
			isa = XCBuildConfiguration;
			buildSettings = {
				ASSETCATALOG_COMPILER_APPICON_NAME = AppIcon;
				INFOPLIST_FILE = floodPrototype/Info.plist;
				LD_RUNPATH_SEARCH_PATHS = "$(inherited) @executable_path/Frameworks";
				PRODUCT_BUNDLE_IDENTIFIER = org.mxue.flood;
				PRODUCT_NAME = "$(TARGET_NAME)";
			};
			name = Release;
		};
		15646B611BF2564100D2EFB4 /* Debug */ = {
			isa = XCBuildConfiguration;
			buildSettings = {
				BUNDLE_LOADER = "$(TEST_HOST)";
				INFOPLIST_FILE = floodPrototypeTests/Info.plist;
				LD_RUNPATH_SEARCH_PATHS = "$(inherited) @executable_path/Frameworks @loader_path/Frameworks";
				PRODUCT_BUNDLE_IDENTIFIER = mxue.floodPrototypeTests;
				PRODUCT_NAME = "$(TARGET_NAME)";
				TEST_HOST = "$(BUILT_PRODUCTS_DIR)/floodPrototype.app/floodPrototype";
			};
			name = Debug;
		};
		15646B621BF2564100D2EFB4 /* Release */ = {
			isa = XCBuildConfiguration;
			buildSettings = {
				BUNDLE_LOADER = "$(TEST_HOST)";
				INFOPLIST_FILE = floodPrototypeTests/Info.plist;
				LD_RUNPATH_SEARCH_PATHS = "$(inherited) @executable_path/Frameworks @loader_path/Frameworks";
				PRODUCT_BUNDLE_IDENTIFIER = mxue.floodPrototypeTests;
				PRODUCT_NAME = "$(TARGET_NAME)";
				TEST_HOST = "$(BUILT_PRODUCTS_DIR)/floodPrototype.app/floodPrototype";
			};
			name = Release;
		};
		15646B641BF2564100D2EFB4 /* Debug */ = {
			isa = XCBuildConfiguration;
			buildSettings = {
				INFOPLIST_FILE = floodPrototypeUITests/Info.plist;
				LD_RUNPATH_SEARCH_PATHS = "$(inherited) @executable_path/Frameworks @loader_path/Frameworks";
				PRODUCT_BUNDLE_IDENTIFIER = mxue.floodPrototypeUITests;
				PRODUCT_NAME = "$(TARGET_NAME)";
				TEST_TARGET_NAME = floodPrototype;
				USES_XCTRUNNER = YES;
			};
			name = Debug;
		};
		15646B651BF2564100D2EFB4 /* Release */ = {
			isa = XCBuildConfiguration;
			buildSettings = {
				INFOPLIST_FILE = floodPrototypeUITests/Info.plist;
				LD_RUNPATH_SEARCH_PATHS = "$(inherited) @executable_path/Frameworks @loader_path/Frameworks";
				PRODUCT_BUNDLE_IDENTIFIER = mxue.floodPrototypeUITests;
				PRODUCT_NAME = "$(TARGET_NAME)";
				TEST_TARGET_NAME = floodPrototype;
				USES_XCTRUNNER = YES;
			};
			name = Release;
		};
/* End XCBuildConfiguration section */

/* Begin XCConfigurationList section */
		15646B301BF2564000D2EFB4 /* Build configuration list for PBXProject "floodPrototype" */ = {
			isa = XCConfigurationList;
			buildConfigurations = (
				15646B5B1BF2564100D2EFB4 /* Debug */,
				15646B5C1BF2564100D2EFB4 /* Release */,
			);
			defaultConfigurationIsVisible = 0;
			defaultConfigurationName = Release;
		};
		15646B5D1BF2564100D2EFB4 /* Build configuration list for PBXNativeTarget "floodPrototype" */ = {
			isa = XCConfigurationList;
			buildConfigurations = (
				15646B5E1BF2564100D2EFB4 /* Debug */,
				15646B5F1BF2564100D2EFB4 /* Release */,
			);
			defaultConfigurationIsVisible = 0;
			defaultConfigurationName = Release;
		};
		15646B601BF2564100D2EFB4 /* Build configuration list for PBXNativeTarget "floodPrototypeTests" */ = {
			isa = XCConfigurationList;
			buildConfigurations = (
				15646B611BF2564100D2EFB4 /* Debug */,
				15646B621BF2564100D2EFB4 /* Release */,
			);
			defaultConfigurationIsVisible = 0;
			defaultConfigurationName = Release;
		};
		15646B631BF2564100D2EFB4 /* Build configuration list for PBXNativeTarget "floodPrototypeUITests" */ = {
			isa = XCConfigurationList;
			buildConfigurations = (
				15646B641BF2564100D2EFB4 /* Debug */,
				15646B651BF2564100D2EFB4 /* Release */,
			);
			defaultConfigurationIsVisible = 0;
			defaultConfigurationName = Release;
		};
/* End XCConfigurationList section */
	};
	rootObject = 15646B2D1BF2564000D2EFB4 /* Project object */;
}
